// !$*UTF8*$!
{
	archiveVersion = 1;
	classes = {
	};
	objectVersion = 55;
	objects = {

/* Begin PBXBuildFile section */
		3674324228310035007DA511 /* main.swift in Sources */ = {isa = PBXBuildFile; fileRef = 3674324128310035007DA511 /* main.swift */; };
		3674324E2831006D007DA511 /* 10828.swift in Sources */ = {isa = PBXBuildFile; fileRef = 3674324D2831006D007DA511 /* 10828.swift */; };
		36DA2A8A283D4FC800E172D0 /* 신규 아이디 추천.swift in Sources */ = {isa = PBXBuildFile; fileRef = 36DA2A89283D4FC800E172D0 /* 신규 아이디 추천.swift */; };
/* End PBXBuildFile section */

/* Begin PBXCopyFilesBuildPhase section */
		3674323C28310035007DA511 /* CopyFiles */ = {
			isa = PBXCopyFilesBuildPhase;
			buildActionMask = 2147483647;
			dstPath = /usr/share/man/man1/;
			dstSubfolderSpec = 0;
			files = (
			);
			runOnlyForDeploymentPostprocessing = 1;
		};
/* End PBXCopyFilesBuildPhase section */

/* Begin PBXFileReference section */
		3600AA842836594800BA9A9E /* 2577.swift */ = {isa = PBXFileReference; lastKnownFileType = sourcecode.swift; path = 2577.swift; sourceTree = "<group>"; };
		3600AA86283669F800BA9A9E /* 3052.swift */ = {isa = PBXFileReference; lastKnownFileType = sourcecode.swift; path = 3052.swift; sourceTree = "<group>"; };
		3600AA88283670FB00BA9A9E /* 2753.swift */ = {isa = PBXFileReference; lastKnownFileType = sourcecode.swift; path = 2753.swift; sourceTree = "<group>"; };
		3600AA8A2836747600BA9A9E /* 2480.swift */ = {isa = PBXFileReference; lastKnownFileType = sourcecode.swift; path = 2480.swift; sourceTree = "<group>"; };
		3600AA8C2836749700BA9A9E /* 2884.swift */ = {isa = PBXFileReference; lastKnownFileType = sourcecode.swift; path = 2884.swift; sourceTree = "<group>"; };
		3606C65628473BB800E539DF /* K진수에서 소수 개수 구하기.swift */ = {isa = PBXFileReference; lastKnownFileType = sourcecode.swift; path = "K진수에서 소수 개수 구하기.swift"; sourceTree = "<group>"; };
		36077591296000DA0080C39B /* 10866.swift */ = {isa = PBXFileReference; lastKnownFileType = sourcecode.swift; path = 10866.swift; sourceTree = "<group>"; };
		360839FE283DCDF60006E698 /* 크레인 인형뽑기 게임.swift */ = {isa = PBXFileReference; lastKnownFileType = sourcecode.swift; path = "크레인 인형뽑기 게임.swift"; sourceTree = "<group>"; };
		36083A00283E43FA0006E698 /* 소수 만들기.swift */ = {isa = PBXFileReference; lastKnownFileType = sourcecode.swift; path = "소수 만들기.swift"; sourceTree = "<group>"; };
		3608F83C284A7A2D004C4209 /* 3009.swift */ = {isa = PBXFileReference; lastKnownFileType = sourcecode.swift; path = 3009.swift; sourceTree = "<group>"; };
		360E45D12969799500E2079C /* 11651.swift */ = {isa = PBXFileReference; lastKnownFileType = sourcecode.swift; path = 11651.swift; sourceTree = "<group>"; };
		360E45D329697A7300E2079C /* 1158.swift */ = {isa = PBXFileReference; lastKnownFileType = sourcecode.swift; path = 1158.swift; sourceTree = "<group>"; };
		361911422832C37B005AF1E4 /* 1110.swift */ = {isa = PBXFileReference; lastKnownFileType = sourcecode.swift; path = 1110.swift; sourceTree = "<group>"; };
		361A6223283557F800D9A038 /* 4344.swift */ = {isa = PBXFileReference; lastKnownFileType = sourcecode.swift; path = 4344.swift; sourceTree = "<group>"; };
		36225B8D298FC10100F533C3 /* 2636.swift */ = {isa = PBXFileReference; lastKnownFileType = sourcecode.swift; path = 2636.swift; sourceTree = "<group>"; };
		36248A9E29922BBF00D21A68 /* 2206.swift */ = {isa = PBXFileReference; lastKnownFileType = sourcecode.swift; path = 2206.swift; sourceTree = "<group>"; };
		3624CD74297177650023CBDE /* 15686.swift */ = {isa = PBXFileReference; lastKnownFileType = sourcecode.swift; path = 15686.swift; sourceTree = "<group>"; };
		3624CD76297177990023CBDE /* 2661.swift */ = {isa = PBXFileReference; lastKnownFileType = sourcecode.swift; path = 2661.swift; sourceTree = "<group>"; };
		3624CD78297177C00023CBDE /* 2580.swift */ = {isa = PBXFileReference; lastKnownFileType = sourcecode.swift; path = 2580.swift; sourceTree = "<group>"; };
		3625BC972831397F0099A5A0 /* 10818.swift */ = {isa = PBXFileReference; lastKnownFileType = sourcecode.swift; path = 10818.swift; sourceTree = "<group>"; };
		3625BC9D28313EF10099A5A0 /* 1065.swift */ = {isa = PBXFileReference; lastKnownFileType = sourcecode.swift; path = 1065.swift; sourceTree = "<group>"; };
		362EC42328486B2000937105 /* 없는 숫자 더하기.swift */ = {isa = PBXFileReference; lastKnownFileType = sourcecode.swift; path = "없는 숫자 더하기.swift"; sourceTree = "<group>"; };
		3634D401298BB8AA00BDFD8A /* 2583.swift */ = {isa = PBXFileReference; lastKnownFileType = sourcecode.swift; path = 2583.swift; sourceTree = "<group>"; };
		36452F4A284538C700FE562A /* 11650.swift */ = {isa = PBXFileReference; lastKnownFileType = sourcecode.swift; path = 11650.swift; sourceTree = "<group>"; };
		364D6CD6296F29F300F32EAD /* 14889.swift */ = {isa = PBXFileReference; lastKnownFileType = sourcecode.swift; path = 14889.swift; sourceTree = "<group>"; };
		364DCF072840D9510044A2D2 /* 모의고사.swift */ = {isa = PBXFileReference; lastKnownFileType = sourcecode.swift; path = "모의고사.swift"; sourceTree = "<group>"; };
		36597DFA295EA68200CBE56E /* 2750.swift */ = {isa = PBXFileReference; lastKnownFileType = sourcecode.swift; path = 2750.swift; sourceTree = "<group>"; };
		36597DFC295EB8BB00CBE56E /* 1920.swift */ = {isa = PBXFileReference; lastKnownFileType = sourcecode.swift; path = 1920.swift; sourceTree = "<group>"; };
		36597DFE295EBF0700CBE56E /* 2751.swift */ = {isa = PBXFileReference; lastKnownFileType = sourcecode.swift; path = 2751.swift; sourceTree = "<group>"; };
		36597E00295EC17B00CBE56E /* 10815.swift */ = {isa = PBXFileReference; lastKnownFileType = sourcecode.swift; path = 10815.swift; sourceTree = "<group>"; };
		36603738295FFEA9008A1832 /* 10845.swift */ = {isa = PBXFileReference; lastKnownFileType = sourcecode.swift; path = 10845.swift; sourceTree = "<group>"; };
		366C3E2F28475067004FEE3E /* 음양 더하기.swift */ = {isa = PBXFileReference; lastKnownFileType = sourcecode.swift; path = "음양 더하기.swift"; sourceTree = "<group>"; };
		366C3E3128475A31004FEE3E /* 3진법 뒤집기.swift */ = {isa = PBXFileReference; lastKnownFileType = sourcecode.swift; path = "3진법 뒤집기.swift"; sourceTree = "<group>"; };
		367212DF2982E51000462C22 /* 1003.swift */ = {isa = PBXFileReference; lastKnownFileType = sourcecode.swift; path = 1003.swift; sourceTree = "<group>"; };
		367212E12982E51400462C22 /* 1463.swift */ = {isa = PBXFileReference; lastKnownFileType = sourcecode.swift; path = 1463.swift; sourceTree = "<group>"; };
		367212E32982E51800462C22 /* 2579.swift */ = {isa = PBXFileReference; lastKnownFileType = sourcecode.swift; path = 2579.swift; sourceTree = "<group>"; };
		367212E52982E51C00462C22 /* 1932.swift */ = {isa = PBXFileReference; lastKnownFileType = sourcecode.swift; path = 1932.swift; sourceTree = "<group>"; };
		367212E72982E52100462C22 /* 1149.swift */ = {isa = PBXFileReference; lastKnownFileType = sourcecode.swift; path = 1149.swift; sourceTree = "<group>"; };
		3672CA7D296C8AB000C18663 /* 10867.swift */ = {isa = PBXFileReference; lastKnownFileType = sourcecode.swift; path = 10867.swift; sourceTree = "<group>"; };
		3672CA7F296C8EEF00C18663 /* 10816.swift */ = {isa = PBXFileReference; lastKnownFileType = sourcecode.swift; path = 10816.swift; sourceTree = "<group>"; };
		3674323E28310035007DA511 /* SwiftPS */ = {isa = PBXFileReference; explicitFileType = "compiled.mach-o.executable"; includeInIndex = 0; path = SwiftPS; sourceTree = BUILT_PRODUCTS_DIR; };
		3674324128310035007DA511 /* main.swift */ = {isa = PBXFileReference; lastKnownFileType = sourcecode.swift; path = main.swift; sourceTree = "<group>"; };
		367432492831005E007DA511 /* 2798.swift */ = {isa = PBXFileReference; lastKnownFileType = sourcecode.swift; path = 2798.swift; sourceTree = "<group>"; };
		3674324B28310069007DA511 /* 10773.swift */ = {isa = PBXFileReference; lastKnownFileType = sourcecode.swift; path = 10773.swift; sourceTree = "<group>"; };
		3674324D2831006D007DA511 /* 10828.swift */ = {isa = PBXFileReference; lastKnownFileType = sourcecode.swift; path = 10828.swift; sourceTree = "<group>"; };
		367880E3297CD1CA00B8E42D /* 1260.swift */ = {isa = PBXFileReference; lastKnownFileType = sourcecode.swift; path = 1260.swift; sourceTree = "<group>"; };
		36794E3C2994E8AD0028D01B /* 1912.swift */ = {isa = PBXFileReference; lastKnownFileType = sourcecode.swift; path = 1912.swift; sourceTree = "<group>"; };
		368647F3283F992F00C2A178 /* 키패드 누르기.swift */ = {isa = PBXFileReference; lastKnownFileType = sourcecode.swift; path = "키패드 누르기.swift"; sourceTree = "<group>"; };
		368647F5283FE6E800C2A178 /* K번째수.swift */ = {isa = PBXFileReference; lastKnownFileType = sourcecode.swift; path = "K번째수.swift"; sourceTree = "<group>"; };
		368796DF299011B70022806F /* 9466.swift */ = {isa = PBXFileReference; lastKnownFileType = sourcecode.swift; path = 9466.swift; sourceTree = "<group>"; };
		3687D2A5283D184900AD9046 /* 가장 큰 정사각형 찾기.swift */ = {isa = PBXFileReference; lastKnownFileType = sourcecode.swift; path = "가장 큰 정사각형 찾기.swift"; sourceTree = "<group>"; };
		3687D2AB283D3FF300AD9046 /* 로또의 최고 순위와 최저 순위.swift */ = {isa = PBXFileReference; lastKnownFileType = sourcecode.swift; path = "로또의 최고 순위와 최저 순위.swift"; sourceTree = "<group>"; };
		368A394F296B27E800D542DE /* 9012.swift */ = {isa = PBXFileReference; lastKnownFileType = sourcecode.swift; path = 9012.swift; sourceTree = "<group>"; };
		368C33AD2994CE190070DC28 /* 11726.swift */ = {isa = PBXFileReference; lastKnownFileType = sourcecode.swift; path = 11726.swift; sourceTree = "<group>"; };
		368C33AF2994D86D0070DC28 /* 11727.swift */ = {isa = PBXFileReference; lastKnownFileType = sourcecode.swift; path = 11727.swift; sourceTree = "<group>"; };
		368ECD4F29606A5900070271 /* 1406.swift */ = {isa = PBXFileReference; lastKnownFileType = sourcecode.swift; path = 1406.swift; sourceTree = "<group>"; };
		368FF03D298C2455009BDC0D /* 7576.swift */ = {isa = PBXFileReference; lastKnownFileType = sourcecode.swift; path = 7576.swift; sourceTree = "<group>"; };
		369777682847622200F62080 /* 1620.swift */ = {isa = PBXFileReference; lastKnownFileType = sourcecode.swift; path = 1620.swift; sourceTree = "<group>"; };
		369A62512998CC3100AFAE66 /* 11052.swift */ = {isa = PBXFileReference; lastKnownFileType = sourcecode.swift; path = 11052.swift; sourceTree = "<group>"; };
		369A62532998CC6B00AFAE66 /* 11053.swift */ = {isa = PBXFileReference; lastKnownFileType = sourcecode.swift; path = 11053.swift; sourceTree = "<group>"; };
		36A36F73283A7ED3004A5D30 /* 1978.swift */ = {isa = PBXFileReference; lastKnownFileType = sourcecode.swift; path = 1978.swift; sourceTree = "<group>"; };
		36A36F75283A83D9004A5D30 /* 11653.swift */ = {isa = PBXFileReference; lastKnownFileType = sourcecode.swift; path = 11653.swift; sourceTree = "<group>"; };
		36A73BF32836823B0048B94A /* 4673.swift */ = {isa = PBXFileReference; lastKnownFileType = sourcecode.swift; path = 4673.swift; sourceTree = "<group>"; };
		36A73BF6283682E10048B94A /* 11654.swift */ = {isa = PBXFileReference; lastKnownFileType = sourcecode.swift; path = 11654.swift; sourceTree = "<group>"; };
		36AA9F732849113300125A34 /* 11866.swift */ = {isa = PBXFileReference; lastKnownFileType = sourcecode.swift; path = 11866.swift; sourceTree = "<group>"; };
		36B7B5A829979A6F00A1C3DD /* 2156.swift */ = {isa = PBXFileReference; lastKnownFileType = sourcecode.swift; path = 2156.swift; sourceTree = "<group>"; };
		36BB4C4F2831EDAF00194F58 /* 1003.swift */ = {isa = PBXFileReference; lastKnownFileType = sourcecode.swift; path = 1003.swift; sourceTree = "<group>"; };
		36BB4C522831F17F00194F58 /* 1546.swift */ = {isa = PBXFileReference; lastKnownFileType = sourcecode.swift; path = 1546.swift; sourceTree = "<group>"; };
		36C2E9B528326F3C007F16E0 /* 2525.swift */ = {isa = PBXFileReference; lastKnownFileType = sourcecode.swift; path = 2525.swift; sourceTree = "<group>"; };
		36C2E9B7283270BF007F16E0 /* 2562.swift */ = {isa = PBXFileReference; lastKnownFileType = sourcecode.swift; path = 2562.swift; sourceTree = "<group>"; };
		36CBBD0F283890FB009BC471 /* 2292.swift */ = {isa = PBXFileReference; lastKnownFileType = sourcecode.swift; path = 2292.swift; sourceTree = "<group>"; };
		36CBBD12283892E6009BC471 /* 10872.swift */ = {isa = PBXFileReference; lastKnownFileType = sourcecode.swift; path = 10872.swift; sourceTree = "<group>"; };
		36CBBD1428389502009BC471 /* 10870.swift */ = {isa = PBXFileReference; lastKnownFileType = sourcecode.swift; path = 10870.swift; sourceTree = "<group>"; };
		36CBBD1628389E60009BC471 /* 4949.swift */ = {isa = PBXFileReference; lastKnownFileType = sourcecode.swift; path = 4949.swift; sourceTree = "<group>"; };
		36CBBD192838B04B009BC471 /* 2164.swift */ = {isa = PBXFileReference; lastKnownFileType = sourcecode.swift; path = 2164.swift; sourceTree = "<group>"; };
		36CBBD1C2838BD9F009BC471 /* 2750.swift */ = {isa = PBXFileReference; lastKnownFileType = sourcecode.swift; path = 2750.swift; sourceTree = "<group>"; };
		36CBBD212838C591009BC471 /* 7568.swift */ = {isa = PBXFileReference; lastKnownFileType = sourcecode.swift; path = 7568.swift; sourceTree = "<group>"; };
		36CD6A88295F2B8400737C84 /* 10828.swift */ = {isa = PBXFileReference; lastKnownFileType = sourcecode.swift; path = 10828.swift; sourceTree = "<group>"; };
		36D5F64B297E733900AAB3A5 /* 2667.swift */ = {isa = PBXFileReference; lastKnownFileType = sourcecode.swift; path = 2667.swift; sourceTree = "<group>"; };
		36D5F64D297E733F00AAB3A5 /* 1697.swift */ = {isa = PBXFileReference; lastKnownFileType = sourcecode.swift; path = 1697.swift; sourceTree = "<group>"; };
		36D5F64F297E734200AAB3A5 /* 2178.swift */ = {isa = PBXFileReference; lastKnownFileType = sourcecode.swift; path = 2178.swift; sourceTree = "<group>"; };
		36D5F651297E734800AAB3A5 /* 2606.swift */ = {isa = PBXFileReference; lastKnownFileType = sourcecode.swift; path = 2606.swift; sourceTree = "<group>"; };
		36DA2A89283D4FC800E172D0 /* 신규 아이디 추천.swift */ = {isa = PBXFileReference; lastKnownFileType = sourcecode.swift; path = "신규 아이디 추천.swift"; sourceTree = "<group>"; };
		36E385EC2961753D00183452 /* 1026.swift */ = {isa = PBXFileReference; lastKnownFileType = sourcecode.swift; path = 1026.swift; sourceTree = "<group>"; };
		36E385EE29617A2100183452 /* 1181.swift */ = {isa = PBXFileReference; lastKnownFileType = sourcecode.swift; path = 1181.swift; sourceTree = "<group>"; };
		36F1D83D296D3E8F00540071 /* 1874.swift */ = {isa = PBXFileReference; lastKnownFileType = sourcecode.swift; path = 1874.swift; sourceTree = "<group>"; };
		36F1D840296D6D3300540071 /* 1966.swift */ = {isa = PBXFileReference; lastKnownFileType = sourcecode.swift; path = 1966.swift; sourceTree = "<group>"; };
		36F466C92842966D004441FE /* 비밀지도.swift */ = {isa = PBXFileReference; lastKnownFileType = sourcecode.swift; path = "비밀지도.swift"; sourceTree = "<group>"; };
		36F466CD28438762004441FE /* 1427.swift */ = {isa = PBXFileReference; lastKnownFileType = sourcecode.swift; path = 1427.swift; sourceTree = "<group>"; };
		36F64BA92968343500177A6A /* 11650.swift */ = {isa = PBXFileReference; lastKnownFileType = sourcecode.swift; path = 11650.swift; sourceTree = "<group>"; };
		36FEDE5E298C41CF00C736BC /* 7569.swift */ = {isa = PBXFileReference; lastKnownFileType = sourcecode.swift; path = 7569.swift; sourceTree = "<group>"; };
		36FF51DC28377189007AB4DB /* 9012.swift */ = {isa = PBXFileReference; lastKnownFileType = sourcecode.swift; path = 9012.swift; sourceTree = "<group>"; };
		36FF51DE2837C853007AB4DB /* 8958.swift */ = {isa = PBXFileReference; lastKnownFileType = sourcecode.swift; path = 8958.swift; sourceTree = "<group>"; };
		36FF51E02837CA11007AB4DB /* 11720.swift */ = {isa = PBXFileReference; lastKnownFileType = sourcecode.swift; path = 11720.swift; sourceTree = "<group>"; };
		36FF51E22837CA36007AB4DB /* 10809.swift */ = {isa = PBXFileReference; lastKnownFileType = sourcecode.swift; path = 10809.swift; sourceTree = "<group>"; };
		36FF51E42837D695007AB4DB /* 2675.swift */ = {isa = PBXFileReference; lastKnownFileType = sourcecode.swift; path = 2675.swift; sourceTree = "<group>"; };
		36FF5A3B296DD2D60036633C /* 5430.swift */ = {isa = PBXFileReference; lastKnownFileType = sourcecode.swift; path = 5430.swift; sourceTree = "<group>"; };
/* End PBXFileReference section */

/* Begin PBXFrameworksBuildPhase section */
		3674323B28310035007DA511 /* Frameworks */ = {
			isa = PBXFrameworksBuildPhase;
			buildActionMask = 2147483647;
			files = (
			);
			runOnlyForDeploymentPostprocessing = 0;
		};
/* End PBXFrameworksBuildPhase section */

/* Begin PBXGroup section */
		3608F83B284A7A07004C4209 /* Geometry */ = {
			isa = PBXGroup;
			children = (
				3608F83C284A7A2D004C4209 /* 3009.swift */,
			);
			path = Geometry;
			sourceTree = "<group>";
		};
		361911442832C386005AF1E4 /* Loop */ = {
			isa = PBXGroup;
			children = (
				361911422832C37B005AF1E4 /* 1110.swift */,
				361A6223283557F800D9A038 /* 4344.swift */,
			);
			path = Loop;
			sourceTree = "<group>";
		};
		3625BC99283139A40099A5A0 /* Array */ = {
			isa = PBXGroup;
			children = (
				36BB4C522831F17F00194F58 /* 1546.swift */,
				36C2E9B7283270BF007F16E0 /* 2562.swift */,
				3625BC972831397F0099A5A0 /* 10818.swift */,
				3600AA842836594800BA9A9E /* 2577.swift */,
				3600AA86283669F800BA9A9E /* 3052.swift */,
				36FF51DE2837C853007AB4DB /* 8958.swift */,
			);
			path = Array;
			sourceTree = "<group>";
		};
		3625BC9A283139B50099A5A0 /* Stack */ = {
			isa = PBXGroup;
			children = (
				3674324B28310069007DA511 /* 10773.swift */,
				3674324D2831006D007DA511 /* 10828.swift */,
				36FF51DC28377189007AB4DB /* 9012.swift */,
				36CBBD1628389E60009BC471 /* 4949.swift */,
			);
			path = Stack;
			sourceTree = "<group>";
		};
		3625BC9B283139D20099A5A0 /* BruteForce */ = {
			isa = PBXGroup;
			children = (
				367432492831005E007DA511 /* 2798.swift */,
				36CBBD212838C591009BC471 /* 7568.swift */,
			);
			path = BruteForce;
			sourceTree = "<group>";
		};
		3625BC9C28313EDC0099A5A0 /* Function */ = {
			isa = PBXGroup;
			children = (
				3625BC9D28313EF10099A5A0 /* 1065.swift */,
				36A73BF32836823B0048B94A /* 4673.swift */,
			);
			path = Function;
			sourceTree = "<group>";
		};
		3634D400298B98B000BDFD8A /* 3-3 */ = {
			isa = PBXGroup;
			children = (
				36248A9E29922BBF00D21A68 /* 2206.swift */,
				368FF03D298C2455009BDC0D /* 7576.swift */,
				36FEDE5E298C41CF00C736BC /* 7569.swift */,
				368796DF299011B70022806F /* 9466.swift */,
				36225B8D298FC10100F533C3 /* 2636.swift */,
				3634D401298BB8AA00BDFD8A /* 2583.swift */,
			);
			path = "3-3";
			sourceTree = "<group>";
		};
		364D6CD3296F299300F32EAD /* SET 2 */ = {
			isa = PBXGroup;
			children = (
				364D6CD4296F29A400F32EAD /* 2-3 */,
			);
			path = "SET 2";
			sourceTree = "<group>";
		};
		364D6CD4296F29A400F32EAD /* 2-3 */ = {
			isa = PBXGroup;
			children = (
				364D6CD6296F29F300F32EAD /* 14889.swift */,
				3624CD74297177650023CBDE /* 15686.swift */,
				3624CD76297177990023CBDE /* 2661.swift */,
				3624CD78297177C00023CBDE /* 2580.swift */,
			);
			path = "2-3";
			sourceTree = "<group>";
		};
		364D6CD5296F29B400F32EAD /* Legacy */ = {
			isa = PBXGroup;
			children = (
				36C2E9B428326F33007F16E0 /* Condition */,
				361911442832C386005AF1E4 /* Loop */,
				3625BC99283139A40099A5A0 /* Array */,
				3625BC9C28313EDC0099A5A0 /* Function */,
				36A73BF5283682D60048B94A /* String */,
				36CBBD0E283890D8009BC471 /* Basic Mathematics */,
				36CBBD11283892D8009BC471 /* Recursive Function */,
				3625BC9B283139D20099A5A0 /* BruteForce */,
				3625BC9A283139B50099A5A0 /* Stack */,
				36BB4C4E2831EDA400194F58 /* DynamicProgramming */,
				36CBBD1B2838BD91009BC471 /* Sort */,
				369777672847620700F62080 /* Set And Map */,
				3608F83B284A7A07004C4209 /* Geometry */,
				36CBBD182838B023009BC471 /* Queue */,
			);
			path = Legacy;
			sourceTree = "<group>";
		};
		36597DF4295EA64400CBE56E /* 길라잡이 */ = {
			isa = PBXGroup;
			children = (
				36597DF5295EA64F00CBE56E /* SET 1 */,
				364D6CD3296F299300F32EAD /* SET 2 */,
				367880E1297CD1A900B8E42D /* SET 3 */,
			);
			name = "길라잡이";
			path = "길라잡이";
			sourceTree = "<group>";
		};
		36597DF5295EA64F00CBE56E /* SET 1 */ = {
			isa = PBXGroup;
			children = (
				36597DF9295EA66C00CBE56E /* 1-1 */,
				36597DF8295EA66800CBE56E /* 1-2 */,
				36597DF7295EA66600CBE56E /* 1-3 */,
				36597DF6295EA65F00CBE56E /* 1-4 */,
			);
			path = "SET 1";
			sourceTree = "<group>";
		};
		36597DF6295EA65F00CBE56E /* 1-4 */ = {
			isa = PBXGroup;
			children = (
				360E45D329697A7300E2079C /* 1158.swift */,
				368A394F296B27E800D542DE /* 9012.swift */,
				3672CA7D296C8AB000C18663 /* 10867.swift */,
				3672CA7F296C8EEF00C18663 /* 10816.swift */,
				36F1D83D296D3E8F00540071 /* 1874.swift */,
				36F1D840296D6D3300540071 /* 1966.swift */,
				36FF5A3B296DD2D60036633C /* 5430.swift */,
			);
			path = "1-4";
			sourceTree = "<group>";
		};
		36597DF7295EA66600CBE56E /* 1-3 */ = {
			isa = PBXGroup;
			children = (
				36E385EC2961753D00183452 /* 1026.swift */,
				36E385EE29617A2100183452 /* 1181.swift */,
				36F64BA92968343500177A6A /* 11650.swift */,
				360E45D12969799500E2079C /* 11651.swift */,
			);
			path = "1-3";
			sourceTree = "<group>";
		};
		36597DF8295EA66800CBE56E /* 1-2 */ = {
			isa = PBXGroup;
			children = (
				36CD6A88295F2B8400737C84 /* 10828.swift */,
				36603738295FFEA9008A1832 /* 10845.swift */,
				36077591296000DA0080C39B /* 10866.swift */,
				368ECD4F29606A5900070271 /* 1406.swift */,
			);
			path = "1-2";
			sourceTree = "<group>";
		};
		36597DF9295EA66C00CBE56E /* 1-1 */ = {
			isa = PBXGroup;
			children = (
				36597DFC295EB8BB00CBE56E /* 1920.swift */,
				36597DFA295EA68200CBE56E /* 2750.swift */,
				36597DFE295EBF0700CBE56E /* 2751.swift */,
				36597E00295EC17B00CBE56E /* 10815.swift */,
			);
			path = "1-1";
			sourceTree = "<group>";
		};
		367212DA2982E4DF00462C22 /* 3-2 */ = {
			isa = PBXGroup;
			children = (
				367212DF2982E51000462C22 /* 1003.swift */,
				367212E12982E51400462C22 /* 1463.swift */,
				367212E32982E51800462C22 /* 2579.swift */,
				367212E52982E51C00462C22 /* 1932.swift */,
				367212E72982E52100462C22 /* 1149.swift */,
			);
			path = "3-2";
			sourceTree = "<group>";
		};
		3674323528310035007DA511 = {
			isa = PBXGroup;
			children = (
				3674324028310035007DA511 /* SwiftPS */,
				3674323F28310035007DA511 /* Products */,
			);
			sourceTree = "<group>";
		};
		3674323F28310035007DA511 /* Products */ = {
			isa = PBXGroup;
			children = (
				3674323E28310035007DA511 /* SwiftPS */,
			);
			name = Products;
			sourceTree = "<group>";
		};
		3674324028310035007DA511 /* SwiftPS */ = {
			isa = PBXGroup;
			children = (
				3674324128310035007DA511 /* main.swift */,
				367432482831003D007DA511 /* BOJ */,
				3687D2A4283CE6F700AD9046 /* Programmers */,
			);
			path = SwiftPS;
			sourceTree = "<group>";
		};
		367432482831003D007DA511 /* BOJ */ = {
			isa = PBXGroup;
			children = (
				36597DF4295EA64400CBE56E /* 길라잡이 */,
				364D6CD5296F29B400F32EAD /* Legacy */,
			);
			path = BOJ;
			sourceTree = "<group>";
		};
		367880E1297CD1A900B8E42D /* SET 3 */ = {
			isa = PBXGroup;
			children = (
				367880E2297CD1BC00B8E42D /* 3-1 */,
				367212DA2982E4DF00462C22 /* 3-2 */,
				3634D400298B98B000BDFD8A /* 3-3 */,
				368C33AC2994CDE80070DC28 /* 3-4 */,
			);
			path = "SET 3";
			sourceTree = "<group>";
		};
		367880E2297CD1BC00B8E42D /* 3-1 */ = {
			isa = PBXGroup;
			children = (
				367880E3297CD1CA00B8E42D /* 1260.swift */,
				36D5F64B297E733900AAB3A5 /* 2667.swift */,
				36D5F64D297E733F00AAB3A5 /* 1697.swift */,
				36D5F64F297E734200AAB3A5 /* 2178.swift */,
				36D5F651297E734800AAB3A5 /* 2606.swift */,
			);
			path = "3-1";
			sourceTree = "<group>";
		};
		3687D2A4283CE6F700AD9046 /* Programmers */ = {
			isa = PBXGroup;
			children = (
				3687D2A8283D1A5700AD9046 /* Level 1 */,
				3687D2A7283D1A5100AD9046 /* Level 2 */,
			);
			path = Programmers;
			sourceTree = "<group>";
		};
		3687D2A7283D1A5100AD9046 /* Level 2 */ = {
			isa = PBXGroup;
			children = (
				3687D2A5283D184900AD9046 /* 가장 큰 정사각형 찾기.swift */,
				3606C65628473BB800E539DF /* K진수에서 소수 개수 구하기.swift */,
			);
			path = "Level 2";
			sourceTree = "<group>";
		};
		3687D2A8283D1A5700AD9046 /* Level 1 */ = {
			isa = PBXGroup;
			children = (
				3687D2AB283D3FF300AD9046 /* 로또의 최고 순위와 최저 순위.swift */,
				36DA2A89283D4FC800E172D0 /* 신규 아이디 추천.swift */,
				360839FE283DCDF60006E698 /* 크레인 인형뽑기 게임.swift */,
				36083A00283E43FA0006E698 /* 소수 만들기.swift */,
				368647F3283F992F00C2A178 /* 키패드 누르기.swift */,
				368647F5283FE6E800C2A178 /* K번째수.swift */,
				364DCF072840D9510044A2D2 /* 모의고사.swift */,
				36F466C92842966D004441FE /* 비밀지도.swift */,
				366C3E2F28475067004FEE3E /* 음양 더하기.swift */,
				366C3E3128475A31004FEE3E /* 3진법 뒤집기.swift */,
				362EC42328486B2000937105 /* 없는 숫자 더하기.swift */,
			);
			path = "Level 1";
			sourceTree = "<group>";
		};
		368C33AC2994CDE80070DC28 /* 3-4 */ = {
			isa = PBXGroup;
			children = (
				368C33AD2994CE190070DC28 /* 11726.swift */,
				368C33AF2994D86D0070DC28 /* 11727.swift */,
				36794E3C2994E8AD0028D01B /* 1912.swift */,
				36B7B5A829979A6F00A1C3DD /* 2156.swift */,
				369A62512998CC3100AFAE66 /* 11052.swift */,
				369A62532998CC6B00AFAE66 /* 11053.swift */,
			);
			path = "3-4";
			sourceTree = "<group>";
		};
		369777672847620700F62080 /* Set And Map */ = {
			isa = PBXGroup;
			children = (
				369777682847622200F62080 /* 1620.swift */,
			);
			path = "Set And Map";
			sourceTree = "<group>";
		};
		36A73BF5283682D60048B94A /* String */ = {
			isa = PBXGroup;
			children = (
				36FF51E42837D695007AB4DB /* 2675.swift */,
				36A73BF6283682E10048B94A /* 11654.swift */,
				36FF51E02837CA11007AB4DB /* 11720.swift */,
				36FF51E22837CA36007AB4DB /* 10809.swift */,
			);
			path = String;
			sourceTree = "<group>";
		};
		36BB4C4E2831EDA400194F58 /* DynamicProgramming */ = {
			isa = PBXGroup;
			children = (
				36BB4C4F2831EDAF00194F58 /* 1003.swift */,
			);
			path = DynamicProgramming;
			sourceTree = "<group>";
		};
		36C2E9B428326F33007F16E0 /* Condition */ = {
			isa = PBXGroup;
			children = (
				36C2E9B528326F3C007F16E0 /* 2525.swift */,
				3600AA88283670FB00BA9A9E /* 2753.swift */,
				3600AA8A2836747600BA9A9E /* 2480.swift */,
				3600AA8C2836749700BA9A9E /* 2884.swift */,
			);
			path = Condition;
			sourceTree = "<group>";
		};
		36CBBD0E283890D8009BC471 /* Basic Mathematics */ = {
			isa = PBXGroup;
			children = (
				36CBBD0F283890FB009BC471 /* 2292.swift */,
				36A36F73283A7ED3004A5D30 /* 1978.swift */,
				36A36F75283A83D9004A5D30 /* 11653.swift */,
			);
			path = "Basic Mathematics";
			sourceTree = "<group>";
		};
		36CBBD11283892D8009BC471 /* Recursive Function */ = {
			isa = PBXGroup;
			children = (
				36CBBD12283892E6009BC471 /* 10872.swift */,
				36CBBD1428389502009BC471 /* 10870.swift */,
			);
			path = "Recursive Function";
			sourceTree = "<group>";
		};
		36CBBD182838B023009BC471 /* Queue */ = {
			isa = PBXGroup;
			children = (
				36CBBD192838B04B009BC471 /* 2164.swift */,
				36AA9F732849113300125A34 /* 11866.swift */,
			);
			path = Queue;
			sourceTree = "<group>";
		};
		36CBBD1B2838BD91009BC471 /* Sort */ = {
			isa = PBXGroup;
			children = (
				36CBBD1C2838BD9F009BC471 /* 2750.swift */,
				36F466CD28438762004441FE /* 1427.swift */,
				36452F4A284538C700FE562A /* 11650.swift */,
			);
			path = Sort;
			sourceTree = "<group>";
		};
/* End PBXGroup section */

/* Begin PBXNativeTarget section */
		3674323D28310035007DA511 /* SwiftPS */ = {
			isa = PBXNativeTarget;
			buildConfigurationList = 3674324528310035007DA511 /* Build configuration list for PBXNativeTarget "SwiftPS" */;
			buildPhases = (
				3674323A28310035007DA511 /* Sources */,
				3674323B28310035007DA511 /* Frameworks */,
				3674323C28310035007DA511 /* CopyFiles */,
			);
			buildRules = (
			);
			dependencies = (
			);
			name = SwiftPS;
			productName = SwiftPS;
			productReference = 3674323E28310035007DA511 /* SwiftPS */;
			productType = "com.apple.product-type.tool";
		};
/* End PBXNativeTarget section */

/* Begin PBXProject section */
		3674323628310035007DA511 /* Project object */ = {
			isa = PBXProject;
			attributes = {
				BuildIndependentTargetsInParallel = 1;
				LastSwiftUpdateCheck = 1330;
				LastUpgradeCheck = 1330;
				TargetAttributes = {
					3674323D28310035007DA511 = {
						CreatedOnToolsVersion = 13.3;
					};
				};
			};
			buildConfigurationList = 3674323928310035007DA511 /* Build configuration list for PBXProject "SwiftPS" */;
			compatibilityVersion = "Xcode 13.0";
			developmentRegion = en;
			hasScannedForEncodings = 0;
			knownRegions = (
				en,
				Base,
			);
			mainGroup = 3674323528310035007DA511;
			productRefGroup = 3674323F28310035007DA511 /* Products */;
			projectDirPath = "";
			projectRoot = "";
			targets = (
				3674323D28310035007DA511 /* SwiftPS */,
			);
		};
/* End PBXProject section */

/* Begin PBXSourcesBuildPhase section */
		3674323A28310035007DA511 /* Sources */ = {
			isa = PBXSourcesBuildPhase;
			buildActionMask = 2147483647;
			files = (
				36DA2A8A283D4FC800E172D0 /* 신규 아이디 추천.swift in Sources */,
				3674324E2831006D007DA511 /* 10828.swift in Sources */,
				3674324228310035007DA511 /* main.swift in Sources */,
			);
			runOnlyForDeploymentPostprocessing = 0;
		};
/* End PBXSourcesBuildPhase section */

/* Begin XCBuildConfiguration section */
		3674324328310035007DA511 /* Debug */ = {
			isa = XCBuildConfiguration;
			buildSettings = {
				ALWAYS_SEARCH_USER_PATHS = NO;
				CLANG_ANALYZER_NONNULL = YES;
				CLANG_ANALYZER_NUMBER_OBJECT_CONVERSION = YES_AGGRESSIVE;
				CLANG_CXX_LANGUAGE_STANDARD = "gnu++17";
				CLANG_ENABLE_MODULES = YES;
				CLANG_ENABLE_OBJC_ARC = YES;
				CLANG_ENABLE_OBJC_WEAK = YES;
				CLANG_WARN_BLOCK_CAPTURE_AUTORELEASING = YES;
				CLANG_WARN_BOOL_CONVERSION = YES;
				CLANG_WARN_COMMA = YES;
				CLANG_WARN_CONSTANT_CONVERSION = YES;
				CLANG_WARN_DEPRECATED_OBJC_IMPLEMENTATIONS = YES;
				CLANG_WARN_DIRECT_OBJC_ISA_USAGE = YES_ERROR;
				CLANG_WARN_DOCUMENTATION_COMMENTS = YES;
				CLANG_WARN_EMPTY_BODY = YES;
				CLANG_WARN_ENUM_CONVERSION = YES;
				CLANG_WARN_INFINITE_RECURSION = YES;
				CLANG_WARN_INT_CONVERSION = YES;
				CLANG_WARN_NON_LITERAL_NULL_CONVERSION = YES;
				CLANG_WARN_OBJC_IMPLICIT_RETAIN_SELF = YES;
				CLANG_WARN_OBJC_LITERAL_CONVERSION = YES;
				CLANG_WARN_OBJC_ROOT_CLASS = YES_ERROR;
				CLANG_WARN_QUOTED_INCLUDE_IN_FRAMEWORK_HEADER = YES;
				CLANG_WARN_RANGE_LOOP_ANALYSIS = YES;
				CLANG_WARN_STRICT_PROTOTYPES = YES;
				CLANG_WARN_SUSPICIOUS_MOVE = YES;
				CLANG_WARN_UNGUARDED_AVAILABILITY = YES_AGGRESSIVE;
				CLANG_WARN_UNREACHABLE_CODE = YES;
				CLANG_WARN__DUPLICATE_METHOD_MATCH = YES;
				COPY_PHASE_STRIP = NO;
				DEBUG_INFORMATION_FORMAT = dwarf;
				ENABLE_STRICT_OBJC_MSGSEND = YES;
				ENABLE_TESTABILITY = YES;
				GCC_C_LANGUAGE_STANDARD = gnu11;
				GCC_DYNAMIC_NO_PIC = NO;
				GCC_NO_COMMON_BLOCKS = YES;
				GCC_OPTIMIZATION_LEVEL = 0;
				GCC_PREPROCESSOR_DEFINITIONS = (
					"DEBUG=1",
					"$(inherited)",
				);
				GCC_WARN_64_TO_32_BIT_CONVERSION = YES;
				GCC_WARN_ABOUT_RETURN_TYPE = YES_ERROR;
				GCC_WARN_UNDECLARED_SELECTOR = YES;
				GCC_WARN_UNINITIALIZED_AUTOS = YES_AGGRESSIVE;
				GCC_WARN_UNUSED_FUNCTION = YES;
				GCC_WARN_UNUSED_VARIABLE = YES;
				MACOSX_DEPLOYMENT_TARGET = 12.2;
				MTL_ENABLE_DEBUG_INFO = INCLUDE_SOURCE;
				MTL_FAST_MATH = YES;
				ONLY_ACTIVE_ARCH = YES;
				SDKROOT = macosx;
				SWIFT_ACTIVE_COMPILATION_CONDITIONS = DEBUG;
				SWIFT_OPTIMIZATION_LEVEL = "-Onone";
			};
			name = Debug;
		};
		3674324428310035007DA511 /* Release */ = {
			isa = XCBuildConfiguration;
			buildSettings = {
				ALWAYS_SEARCH_USER_PATHS = NO;
				CLANG_ANALYZER_NONNULL = YES;
				CLANG_ANALYZER_NUMBER_OBJECT_CONVERSION = YES_AGGRESSIVE;
				CLANG_CXX_LANGUAGE_STANDARD = "gnu++17";
				CLANG_ENABLE_MODULES = YES;
				CLANG_ENABLE_OBJC_ARC = YES;
				CLANG_ENABLE_OBJC_WEAK = YES;
				CLANG_WARN_BLOCK_CAPTURE_AUTORELEASING = YES;
				CLANG_WARN_BOOL_CONVERSION = YES;
				CLANG_WARN_COMMA = YES;
				CLANG_WARN_CONSTANT_CONVERSION = YES;
				CLANG_WARN_DEPRECATED_OBJC_IMPLEMENTATIONS = YES;
				CLANG_WARN_DIRECT_OBJC_ISA_USAGE = YES_ERROR;
				CLANG_WARN_DOCUMENTATION_COMMENTS = YES;
				CLANG_WARN_EMPTY_BODY = YES;
				CLANG_WARN_ENUM_CONVERSION = YES;
				CLANG_WARN_INFINITE_RECURSION = YES;
				CLANG_WARN_INT_CONVERSION = YES;
				CLANG_WARN_NON_LITERAL_NULL_CONVERSION = YES;
				CLANG_WARN_OBJC_IMPLICIT_RETAIN_SELF = YES;
				CLANG_WARN_OBJC_LITERAL_CONVERSION = YES;
				CLANG_WARN_OBJC_ROOT_CLASS = YES_ERROR;
				CLANG_WARN_QUOTED_INCLUDE_IN_FRAMEWORK_HEADER = YES;
				CLANG_WARN_RANGE_LOOP_ANALYSIS = YES;
				CLANG_WARN_STRICT_PROTOTYPES = YES;
				CLANG_WARN_SUSPICIOUS_MOVE = YES;
				CLANG_WARN_UNGUARDED_AVAILABILITY = YES_AGGRESSIVE;
				CLANG_WARN_UNREACHABLE_CODE = YES;
				CLANG_WARN__DUPLICATE_METHOD_MATCH = YES;
				COPY_PHASE_STRIP = NO;
				DEBUG_INFORMATION_FORMAT = "dwarf-with-dsym";
				ENABLE_NS_ASSERTIONS = NO;
				ENABLE_STRICT_OBJC_MSGSEND = YES;
				GCC_C_LANGUAGE_STANDARD = gnu11;
				GCC_NO_COMMON_BLOCKS = YES;
				GCC_WARN_64_TO_32_BIT_CONVERSION = YES;
				GCC_WARN_ABOUT_RETURN_TYPE = YES_ERROR;
				GCC_WARN_UNDECLARED_SELECTOR = YES;
				GCC_WARN_UNINITIALIZED_AUTOS = YES_AGGRESSIVE;
				GCC_WARN_UNUSED_FUNCTION = YES;
				GCC_WARN_UNUSED_VARIABLE = YES;
				MACOSX_DEPLOYMENT_TARGET = 12.2;
				MTL_ENABLE_DEBUG_INFO = NO;
				MTL_FAST_MATH = YES;
				SDKROOT = macosx;
				SWIFT_COMPILATION_MODE = wholemodule;
				SWIFT_OPTIMIZATION_LEVEL = "-O";
			};
			name = Release;
		};
		3674324628310035007DA511 /* Debug */ = {
			isa = XCBuildConfiguration;
			buildSettings = {
				CODE_SIGN_STYLE = Automatic;
				PRODUCT_NAME = "$(TARGET_NAME)";
				SWIFT_VERSION = 5.0;
			};
			name = Debug;
		};
		3674324728310035007DA511 /* Release */ = {
			isa = XCBuildConfiguration;
			buildSettings = {
				CODE_SIGN_STYLE = Automatic;
				PRODUCT_NAME = "$(TARGET_NAME)";
				SWIFT_VERSION = 5.0;
			};
			name = Release;
		};
/* End XCBuildConfiguration section */

/* Begin XCConfigurationList section */
		3674323928310035007DA511 /* Build configuration list for PBXProject "SwiftPS" */ = {
			isa = XCConfigurationList;
			buildConfigurations = (
				3674324328310035007DA511 /* Debug */,
				3674324428310035007DA511 /* Release */,
			);
			defaultConfigurationIsVisible = 0;
			defaultConfigurationName = Release;
		};
		3674324528310035007DA511 /* Build configuration list for PBXNativeTarget "SwiftPS" */ = {
			isa = XCConfigurationList;
			buildConfigurations = (
				3674324628310035007DA511 /* Debug */,
				3674324728310035007DA511 /* Release */,
			);
			defaultConfigurationIsVisible = 0;
			defaultConfigurationName = Release;
		};
/* End XCConfigurationList section */
	};
	rootObject = 3674323628310035007DA511 /* Project object */;
}
